
Microsoft Visual Studio Solution File, Format Version 12.00
# Visual Studio Version 17
VisualStudioVersion = 17.8.34330.188
MinimumVisualStudioVersion = 10.0.40219.1
Project("{FAE04EC0-301F-11D3-BF4B-00C04F79EFBC}") = "EchoProject", "EchoProject\EchoProject.csproj", "{30FBFB5E-83CE-4A00-A838-71CE9B642482}"
EndProject
Project("{2150E333-8FDC-42A3-9474-1A3956D46DE8}") = "git", "git", "{AB6C9B88-DC2B-4D9C-A611-1724DCABE8ED}"
	ProjectSection(SolutionItems) = preProject
		.gitignore = .gitignore
		LICENSE.txt = LICENSE.txt
		README.md = README.md
	EndProjectSection
EndProject
Global
	GlobalSection(SolutionConfigurationPlatforms) = preSolution
		Debug|Any CPU = Debug|Any CPU
		Release|Any CPU = Release|Any CPU
	EndGlobalSection
	GlobalSection(ProjectConfigurationPlatforms) = postSolution
		{30FBFB5E-83CE-4A00-A838-71CE9B642482}.Debug|Any CPU.ActiveCfg = Debug|Any CPU
		{30FBFB5E-83CE-4A00-A838-71CE9B642482}.Debug|Any CPU.Build.0 = Debug|Any CPU
		{30FBFB5E-83CE-4A00-A838-71CE9B642482}.Release|Any CPU.ActiveCfg = Release|Any CPU
		{30FBFB5E-83CE-4A00-A838-71CE9B642482}.Release|Any CPU.Build.0 = Release|Any CPU
	EndGlobalSection
	GlobalSection(SolutionProperties) = preSolution
		HideSolutionNode = FALSE
	EndGlobalSection
	GlobalSection(ExtensibilityGlobals) = postSolution
		SolutionGuid = {8D6A0984-3F8A-412A-B61D-D08DD282554A}
	EndGlobalSection
EndGlobal
